
Microsoft Visual Studio Solution File, Format Version 12.00
# Visual Studio Version 17
VisualStudioVersion = 17.10.35122.118
MinimumVisualStudioVersion = 10.0.40219.1
Project("{9A19103F-16F7-4668-BE54-9A1E7A4F7556}") = "MonthlyPremium.Tests", "MonthlyPremium.Tests.csproj", "{0177F83D-78BF-4D0D-ADD4-FE4264A3DF2A}"
EndProject
Project("{9A19103F-16F7-4668-BE54-9A1E7A4F7556}") = "MonthlyPremium", "..\MonthlyPremium\MonthlyPremium.csproj", "{003AC9AF-129D-4484-A30F-D71AB5F4EBD0}"
EndProject
Global
	GlobalSection(SolutionConfigurationPlatforms) = preSolution
		Debug|Any CPU = Debug|Any CPU
		Release|Any CPU = Release|Any CPU
	EndGlobalSection
	GlobalSection(ProjectConfigurationPlatforms) = postSolution
		{0177F83D-78BF-4D0D-ADD4-FE4264A3DF2A}.Debug|Any CPU.ActiveCfg = Debug|Any CPU
		{0177F83D-78BF-4D0D-ADD4-FE4264A3DF2A}.Debug|Any CPU.Build.0 = Debug|Any CPU
		{0177F83D-78BF-4D0D-ADD4-FE4264A3DF2A}.Release|Any CPU.ActiveCfg = Release|Any CPU
		{0177F83D-78BF-4D0D-ADD4-FE4264A3DF2A}.Release|Any CPU.Build.0 = Release|Any CPU
		{003AC9AF-129D-4484-A30F-D71AB5F4EBD0}.Debug|Any CPU.ActiveCfg = Debug|Any CPU
		{003AC9AF-129D-4484-A30F-D71AB5F4EBD0}.Debug|Any CPU.Build.0 = Debug|Any CPU
		{003AC9AF-129D-4484-A30F-D71AB5F4EBD0}.Release|Any CPU.ActiveCfg = Release|Any CPU
		{003AC9AF-129D-4484-A30F-D71AB5F4EBD0}.Release|Any CPU.Build.0 = Release|Any CPU
	EndGlobalSection
	GlobalSection(SolutionProperties) = preSolution
		HideSolutionNode = FALSE
	EndGlobalSection
	GlobalSection(ExtensibilityGlobals) = postSolution
		SolutionGuid = {E4D08426-66B9-4632-9141-97883A1A7680}
	EndGlobalSection
EndGlobal
